uuid: 4d9d1422-8b1e-4aaf-a393-73d8884a1548
langcode: en
status: true
dependencies:
  module:
    - stanford_ssp
    - user
  theme:
    - claro
id: sunetidblock
theme: claro
region: header
weight: 0
provider: null
plugin: stanford_ssp_login_block
settings:
  id: stanford_ssp_login_block
  label: 'SUNetID Block'
  label_display: '0'
  provider: stanford_ssp
  link_text: 'SUNetID Login'
visibility:
  user_role:
    id: user_role
    negate: false
    context_mapping:
      user: '@user.current_user_context:current_user'
    roles:
      anonymous: anonymous
