uuid: 44cf4508-912f-409d-aa9b-112131147079
langcode: en
status: true
dependencies:
  module:
    - stanford_samlauth
  theme:
    - stanford_profile_admin
id: samlsunetidblock
theme: stanford_profile_admin
region: header
weight: 0
provider: null
plugin: stanford_samlauth_login_block
settings:
  id: stanford_samlauth_login_block
  label: 'SAML SUNetID Block'
  label_display: '0'
  provider: stanford_samlauth
  link_text: 'SUNetID Login'
visibility: {  }
